
Microsoft Visual Studio Solution File, Format Version 12.00
# Visual Studio Version 17
VisualStudioVersion = 17.1.32421.90
MinimumVisualStudioVersion = 10.0.40219.1
Project("{FAE04EC0-301F-11D3-BF4B-00C04F79EFBC}") = "hometask2.05.14.2022", "hometask2.05.14.2022\hometask2.05.14.2022.csproj", "{3B17D119-4408-4DE3-9324-2528CB89DBE3}"
EndProject
Global
	GlobalSection(SolutionConfigurationPlatforms) = preSolution
		Debug|Any CPU = Debug|Any CPU
		Release|Any CPU = Release|Any CPU
	EndGlobalSection
	GlobalSection(ProjectConfigurationPlatforms) = postSolution
		{3B17D119-4408-4DE3-9324-2528CB89DBE3}.Debug|Any CPU.ActiveCfg = Debug|Any CPU
		{3B17D119-4408-4DE3-9324-2528CB89DBE3}.Debug|Any CPU.Build.0 = Debug|Any CPU
		{3B17D119-4408-4DE3-9324-2528CB89DBE3}.Release|Any CPU.ActiveCfg = Release|Any CPU
		{3B17D119-4408-4DE3-9324-2528CB89DBE3}.Release|Any CPU.Build.0 = Release|Any CPU
	EndGlobalSection
	GlobalSection(SolutionProperties) = preSolution
		HideSolutionNode = FALSE
	EndGlobalSection
	GlobalSection(ExtensibilityGlobals) = postSolution
		SolutionGuid = {E7D22B6D-F7E5-455A-8C32-4D9A47C07215}
	EndGlobalSection
EndGlobal
